
Microsoft Visual Studio Solution File, Format Version 12.00
# Visual Studio Version 17
VisualStudioVersion = 17.0.31903.59
MinimumVisualStudioVersion = 10.0.40219.1
Project("{FAE04EC0-301F-11D3-BF4B-00C04F79EFBC}") = "API", "API\API.csproj", "{61F12DE8-BBA8-44D3-81EE-2CFFCB6EC6CD}"
EndProject
Project("{FAE04EC0-301F-11D3-BF4B-00C04F79EFBC}") = "Application", "Application\Application.csproj", "{E7229BEC-E6DE-42DA-8D40-F6A813A36B38}"
EndProject
Project("{FAE04EC0-301F-11D3-BF4B-00C04F79EFBC}") = "Domain", "Domain\Domain.csproj", "{E8F7FF83-4AAC-402B-8838-98F59292D01F}"
EndProject
Project("{FAE04EC0-301F-11D3-BF4B-00C04F79EFBC}") = "Persistence", "Persistence\Persistence.csproj", "{E8C9730E-23A0-48DC-A7FC-F4D272B29F35}"
EndProject
Global
	GlobalSection(SolutionConfigurationPlatforms) = preSolution
		Debug|Any CPU = Debug|Any CPU
		Release|Any CPU = Release|Any CPU
	EndGlobalSection
	GlobalSection(SolutionProperties) = preSolution
		HideSolutionNode = FALSE
	EndGlobalSection
	GlobalSection(ProjectConfigurationPlatforms) = postSolution
		{61F12DE8-BBA8-44D3-81EE-2CFFCB6EC6CD}.Debug|Any CPU.ActiveCfg = Debug|Any CPU
		{61F12DE8-BBA8-44D3-81EE-2CFFCB6EC6CD}.Debug|Any CPU.Build.0 = Debug|Any CPU
		{61F12DE8-BBA8-44D3-81EE-2CFFCB6EC6CD}.Release|Any CPU.ActiveCfg = Release|Any CPU
		{61F12DE8-BBA8-44D3-81EE-2CFFCB6EC6CD}.Release|Any CPU.Build.0 = Release|Any CPU
		{E7229BEC-E6DE-42DA-8D40-F6A813A36B38}.Debug|Any CPU.ActiveCfg = Debug|Any CPU
		{E7229BEC-E6DE-42DA-8D40-F6A813A36B38}.Debug|Any CPU.Build.0 = Debug|Any CPU
		{E7229BEC-E6DE-42DA-8D40-F6A813A36B38}.Release|Any CPU.ActiveCfg = Release|Any CPU
		{E7229BEC-E6DE-42DA-8D40-F6A813A36B38}.Release|Any CPU.Build.0 = Release|Any CPU
		{E8F7FF83-4AAC-402B-8838-98F59292D01F}.Debug|Any CPU.ActiveCfg = Debug|Any CPU
		{E8F7FF83-4AAC-402B-8838-98F59292D01F}.Debug|Any CPU.Build.0 = Debug|Any CPU
		{E8F7FF83-4AAC-402B-8838-98F59292D01F}.Release|Any CPU.ActiveCfg = Release|Any CPU
		{E8F7FF83-4AAC-402B-8838-98F59292D01F}.Release|Any CPU.Build.0 = Release|Any CPU
		{E8C9730E-23A0-48DC-A7FC-F4D272B29F35}.Debug|Any CPU.ActiveCfg = Debug|Any CPU
		{E8C9730E-23A0-48DC-A7FC-F4D272B29F35}.Debug|Any CPU.Build.0 = Debug|Any CPU
		{E8C9730E-23A0-48DC-A7FC-F4D272B29F35}.Release|Any CPU.ActiveCfg = Release|Any CPU
		{E8C9730E-23A0-48DC-A7FC-F4D272B29F35}.Release|Any CPU.Build.0 = Release|Any CPU
	EndGlobalSection
EndGlobal
